schema: '2.0'
stages:
  clean_data:
    cmd: python clean_data.py data/indicators_v2.csv data/indicators_long.csv data/short_df.csv
      data/long_df.csv
    deps:
    - path: clean_data.py
      md5: b85476ce7d4333dcf7518b8349807ced
      size: 4689
    - path: data/indicators_long.csv
      md5: 8167ea991e300a692e547cc0002be280
      size: 2367703
    - path: data/indicators_v2.csv
      md5: 5acfed3f792ebe1399e7574494d8182a
      size: 31741
    outs:
    - path: data/long_df.csv
      md5: eb0e4598804945a7979c8f2b391c11bb
      size: 1345855
    - path: data/short_df.csv
      md5: fc85d1070fd37803d448d24dcd0e4907
      size: 39146
  unsupervised:
    cmd: python unsupervised.py data/short_df.csv models.pkl results/results_unsup.csv
    deps:
    - path: data/short_df.csv
      md5: fc85d1070fd37803d448d24dcd0e4907
      size: 39146
    - path: models.pkl
      md5: b06a7a541473be2195d5733d97b7d60b
      size: 105679
    - path: unsupervised.py
      md5: d9c5e8825af00384e75c2b80abca0807
      size: 10055
    outs:
    - path: results/results_unsup.csv
      md5: b7480f7bed31bcd30a4a09cf06165018
      size: 712
  supervised:
    cmd: python supervised.py data/short_df.csv data/long_df.csv results/results_sup.csv
      results/results_long_sup.csv models.pkl
    deps:
    - path: data/long_df.csv
      md5: eb0e4598804945a7979c8f2b391c11bb
      size: 1345855
    - path: data/short_df.csv
      md5: fc85d1070fd37803d448d24dcd0e4907
      size: 39146
    - path: supervised.py
      md5: 1f72f0da65eba00d2047e267a94c70d3
      size: 11460
    outs:
    - path: models.pkl
      md5: b06a7a541473be2195d5733d97b7d60b
      size: 105679
    - path: results/results_long_sup.csv
      md5: 4bafa883e3ee4de71081aab31f9c2dfe
      size: 710
    - path: results/results_sup.csv
      md5: b5d413b77d4022087bfb9eaea749b52f
      size: 768
